// !$*UTF8*$!
{
	archiveVersion = 1;
	classes = {
	};
	objectVersion = 55;
	objects = {

/* Begin PBXBuildFile section */
		8586A1A3275189EE00EAE6EB /* AppDelegate.swift in Sources */ = {isa = PBXBuildFile; fileRef = 8586A1A2275189EE00EAE6EB /* AppDelegate.swift */; };
		8586A1A5275189EE00EAE6EB /* SceneDelegate.swift in Sources */ = {isa = PBXBuildFile; fileRef = 8586A1A4275189EE00EAE6EB /* SceneDelegate.swift */; };
		8586A1A7275189EE00EAE6EB /* ViewController.swift in Sources */ = {isa = PBXBuildFile; fileRef = 8586A1A6275189EE00EAE6EB /* ViewController.swift */; };
		8586A1AA275189EE00EAE6EB /* Main.storyboard in Resources */ = {isa = PBXBuildFile; fileRef = 8586A1A8275189EE00EAE6EB /* Main.storyboard */; };
		8586A1AC275189F700EAE6EB /* Assets.xcassets in Resources */ = {isa = PBXBuildFile; fileRef = 8586A1AB275189F700EAE6EB /* Assets.xcassets */; };
		8586A1AF275189F700EAE6EB /* LaunchScreen.storyboard in Resources */ = {isa = PBXBuildFile; fileRef = 8586A1AD275189F700EAE6EB /* LaunchScreen.storyboard */; };
		8586A1BA275189F700EAE6EB /* FRMTests.swift in Sources */ = {isa = PBXBuildFile; fileRef = 8586A1B9275189F700EAE6EB /* FRMTests.swift */; };
		8586A1C4275189F800EAE6EB /* FRMUITests.swift in Sources */ = {isa = PBXBuildFile; fileRef = 8586A1C3275189F800EAE6EB /* FRMUITests.swift */; };
		8586A1C6275189F800EAE6EB /* FRMUITestsLaunchTests.swift in Sources */ = {isa = PBXBuildFile; fileRef = 8586A1C5275189F800EAE6EB /* FRMUITestsLaunchTests.swift */; };
		8586A1D427518A6000EAE6EB /* ContentsquareModule.xcframework in Frameworks */ = {isa = PBXBuildFile; fileRef = 8586A1D327518A6000EAE6EB /* ContentsquareModule.xcframework */; };
/* End PBXBuildFile section */

/* Begin PBXContainerItemProxy section */
		8586A1B6275189F700EAE6EB /* PBXContainerItemProxy */ = {
			isa = PBXContainerItemProxy;
			containerPortal = 8586A197275189EE00EAE6EB /* Project object */;
			proxyType = 1;
			remoteGlobalIDString = 8586A19E275189EE00EAE6EB;
			remoteInfo = FRM;
		};
		8586A1C0275189F800EAE6EB /* PBXContainerItemProxy */ = {
			isa = PBXContainerItemProxy;
			containerPortal = 8586A197275189EE00EAE6EB /* Project object */;
			proxyType = 1;
			remoteGlobalIDString = 8586A19E275189EE00EAE6EB;
			remoteInfo = FRM;
		};
/* End PBXContainerItemProxy section */

/* Begin PBXFileReference section */
		8586A19F275189EE00EAE6EB /* FRM.app */ = {isa = PBXFileReference; explicitFileType = wrapper.application; includeInIndex = 0; path = FRM.app; sourceTree = BUILT_PRODUCTS_DIR; };
		8586A1A2275189EE00EAE6EB /* AppDelegate.swift */ = {isa = PBXFileReference; lastKnownFileType = sourcecode.swift; path = AppDelegate.swift; sourceTree = "<group>"; };
		8586A1A4275189EE00EAE6EB /* SceneDelegate.swift */ = {isa = PBXFileReference; lastKnownFileType = sourcecode.swift; path = SceneDelegate.swift; sourceTree = "<group>"; };
		8586A1A6275189EE00EAE6EB /* ViewController.swift */ = {isa = PBXFileReference; lastKnownFileType = sourcecode.swift; path = ViewController.swift; sourceTree = "<group>"; };
		8586A1A9275189EE00EAE6EB /* Base */ = {isa = PBXFileReference; lastKnownFileType = file.storyboard; name = Base; path = Base.lproj/Main.storyboard; sourceTree = "<group>"; };
		8586A1AB275189F700EAE6EB /* Assets.xcassets */ = {isa = PBXFileReference; lastKnownFileType = folder.assetcatalog; path = Assets.xcassets; sourceTree = "<group>"; };
		8586A1AE275189F700EAE6EB /* Base */ = {isa = PBXFileReference; lastKnownFileType = file.storyboard; name = Base; path = Base.lproj/LaunchScreen.storyboard; sourceTree = "<group>"; };
		8586A1B0275189F700EAE6EB /* Info.plist */ = {isa = PBXFileReference; lastKnownFileType = text.plist.xml; path = Info.plist; sourceTree = "<group>"; };
		8586A1B5275189F700EAE6EB /* FRMTests.xctest */ = {isa = PBXFileReference; explicitFileType = wrapper.cfbundle; includeInIndex = 0; path = FRMTests.xctest; sourceTree = BUILT_PRODUCTS_DIR; };
		8586A1B9275189F700EAE6EB /* FRMTests.swift */ = {isa = PBXFileReference; lastKnownFileType = sourcecode.swift; path = FRMTests.swift; sourceTree = "<group>"; };
		8586A1BF275189F800EAE6EB /* FRMUITests.xctest */ = {isa = PBXFileReference; explicitFileType = wrapper.cfbundle; includeInIndex = 0; path = FRMUITests.xctest; sourceTree = BUILT_PRODUCTS_DIR; };
		8586A1C3275189F800EAE6EB /* FRMUITests.swift */ = {isa = PBXFileReference; lastKnownFileType = sourcecode.swift; path = FRMUITests.swift; sourceTree = "<group>"; };
		8586A1C5275189F800EAE6EB /* FRMUITestsLaunchTests.swift */ = {isa = PBXFileReference; lastKnownFileType = sourcecode.swift; path = FRMUITestsLaunchTests.swift; sourceTree = "<group>"; };
		8586A1D327518A6000EAE6EB /* ContentsquareModule.xcframework */ = {isa = PBXFileReference; lastKnownFileType = wrapper.xcframework; name = ContentsquareModule.xcframework; path = FRM/ContentsquareModule.xcframework; sourceTree = "<group>"; };
/* End PBXFileReference section */

/* Begin PBXFrameworksBuildPhase section */
		8586A19C275189EE00EAE6EB /* Frameworks */ = {
			isa = PBXFrameworksBuildPhase;
			buildActionMask = 2147483647;
			files = (
				8586A1D427518A6000EAE6EB /* ContentsquareModule.xcframework in Frameworks */,
			);
			runOnlyForDeploymentPostprocessing = 0;
		};
		8586A1B2275189F700EAE6EB /* Frameworks */ = {
			isa = PBXFrameworksBuildPhase;
			buildActionMask = 2147483647;
			files = (
			);
			runOnlyForDeploymentPostprocessing = 0;
		};
		8586A1BC275189F800EAE6EB /* Frameworks */ = {
			isa = PBXFrameworksBuildPhase;
			buildActionMask = 2147483647;
			files = (
			);
			runOnlyForDeploymentPostprocessing = 0;
		};
/* End PBXFrameworksBuildPhase section */

/* Begin PBXGroup section */
		8586A196275189EE00EAE6EB = {
			isa = PBXGroup;
			children = (
				8586A1A1275189EE00EAE6EB /* FRM */,
				8586A1B8275189F700EAE6EB /* FRMTests */,
				8586A1C2275189F800EAE6EB /* FRMUITests */,
				8586A1A0275189EE00EAE6EB /* Products */,
				8586A1D227518A6000EAE6EB /* Frameworks */,
			);
			sourceTree = "<group>";
		};
		8586A1A0275189EE00EAE6EB /* Products */ = {
			isa = PBXGroup;
			children = (
				8586A19F275189EE00EAE6EB /* FRM.app */,
				8586A1B5275189F700EAE6EB /* FRMTests.xctest */,
				8586A1BF275189F800EAE6EB /* FRMUITests.xctest */,
			);
			name = Products;
			sourceTree = "<group>";
		};
		8586A1A1275189EE00EAE6EB /* FRM */ = {
			isa = PBXGroup;
			children = (
				8586A1A2275189EE00EAE6EB /* AppDelegate.swift */,
				8586A1A4275189EE00EAE6EB /* SceneDelegate.swift */,
				8586A1A6275189EE00EAE6EB /* ViewController.swift */,
				8586A1A8275189EE00EAE6EB /* Main.storyboard */,
				8586A1AB275189F700EAE6EB /* Assets.xcassets */,
				8586A1AD275189F700EAE6EB /* LaunchScreen.storyboard */,
				8586A1B0275189F700EAE6EB /* Info.plist */,
			);
			path = FRM;
			sourceTree = "<group>";
		};
		8586A1B8275189F700EAE6EB /* FRMTests */ = {
			isa = PBXGroup;
			children = (
				8586A1B9275189F700EAE6EB /* FRMTests.swift */,
			);
			path = FRMTests;
			sourceTree = "<group>";
		};
		8586A1C2275189F800EAE6EB /* FRMUITests */ = {
			isa = PBXGroup;
			children = (
				8586A1C3275189F800EAE6EB /* FRMUITests.swift */,
				8586A1C5275189F800EAE6EB /* FRMUITestsLaunchTests.swift */,
			);
			path = FRMUITests;
			sourceTree = "<group>";
		};
		8586A1D227518A6000EAE6EB /* Frameworks */ = {
			isa = PBXGroup;
			children = (
				8586A1D327518A6000EAE6EB /* ContentsquareModule.xcframework */,
			);
			name = Frameworks;
			sourceTree = "<group>";
		};
/* End PBXGroup section */

/* Begin PBXNativeTarget section */
		8586A19E275189EE00EAE6EB /* FRM */ = {
			isa = PBXNativeTarget;
			buildConfigurationList = 8586A1C9275189F800EAE6EB /* Build configuration list for PBXNativeTarget "FRM" */;
			buildPhases = (
				8586A19B275189EE00EAE6EB /* Sources */,
				8586A19C275189EE00EAE6EB /* Frameworks */,
				8586A19D275189EE00EAE6EB /* Resources */,
			);
			buildRules = (
			);
			dependencies = (
			);
			name = FRM;
			productName = FRM;
			productReference = 8586A19F275189EE00EAE6EB /* FRM.app */;
			productType = "com.apple.product-type.application";
		};
		8586A1B4275189F700EAE6EB /* FRMTests */ = {
			isa = PBXNativeTarget;
			buildConfigurationList = 8586A1CC275189F800EAE6EB /* Build configuration list for PBXNativeTarget "FRMTests" */;
			buildPhases = (
				8586A1B1275189F700EAE6EB /* Sources */,
				8586A1B2275189F700EAE6EB /* Frameworks */,
				8586A1B3275189F700EAE6EB /* Resources */,
			);
			buildRules = (
			);
			dependencies = (
				8586A1B7275189F700EAE6EB /* PBXTargetDependency */,
			);
			name = FRMTests;
			productName = FRMTests;
			productReference = 8586A1B5275189F700EAE6EB /* FRMTests.xctest */;
			productType = "com.apple.product-type.bundle.unit-test";
		};
		8586A1BE275189F800EAE6EB /* FRMUITests */ = {
			isa = PBXNativeTarget;
			buildConfigurationList = 8586A1CF275189F800EAE6EB /* Build configuration list for PBXNativeTarget "FRMUITests" */;
			buildPhases = (
				8586A1BB275189F800EAE6EB /* Sources */,
				8586A1BC275189F800EAE6EB /* Frameworks */,
				8586A1BD275189F800EAE6EB /* Resources */,
			);
			buildRules = (
			);
			dependencies = (
				8586A1C1275189F800EAE6EB /* PBXTargetDependency */,
			);
			name = FRMUITests;
			productName = FRMUITests;
			productReference = 8586A1BF275189F800EAE6EB /* FRMUITests.xctest */;
			productType = "com.apple.product-type.bundle.ui-testing";
		};
/* End PBXNativeTarget section */

/* Begin PBXProject section */
		8586A197275189EE00EAE6EB /* Project object */ = {
			isa = PBXProject;
			attributes = {
				BuildIndependentTargetsInParallel = 1;
				LastSwiftUpdateCheck = 1310;
				LastUpgradeCheck = 1310;
				TargetAttributes = {
					8586A19E275189EE00EAE6EB = {
						CreatedOnToolsVersion = 13.1;
					};
					8586A1B4275189F700EAE6EB = {
						CreatedOnToolsVersion = 13.1;
						TestTargetID = 8586A19E275189EE00EAE6EB;
					};
					8586A1BE275189F800EAE6EB = {
						CreatedOnToolsVersion = 13.1;
						TestTargetID = 8586A19E275189EE00EAE6EB;
					};
				};
			};
			buildConfigurationList = 8586A19A275189EE00EAE6EB /* Build configuration list for PBXProject "FRM" */;
			compatibilityVersion = "Xcode 13.0";
			developmentRegion = en;
			hasScannedForEncodings = 0;
			knownRegions = (
				en,
				Base,
			);
			mainGroup = 8586A196275189EE00EAE6EB;
			productRefGroup = 8586A1A0275189EE00EAE6EB /* Products */;
			projectDirPath = "";
			projectRoot = "";
			targets = (
				8586A19E275189EE00EAE6EB /* FRM */,
				8586A1B4275189F700EAE6EB /* FRMTests */,
				8586A1BE275189F800EAE6EB /* FRMUITests */,
			);
		};
/* End PBXProject section */

/* Begin PBXResourcesBuildPhase section */
		8586A19D275189EE00EAE6EB /* Resources */ = {
			isa = PBXResourcesBuildPhase;
			buildActionMask = 2147483647;
			files = (
				8586A1AF275189F700EAE6EB /* LaunchScreen.storyboard in Resources */,
				8586A1AC275189F700EAE6EB /* Assets.xcassets in Resources */,
				8586A1AA275189EE00EAE6EB /* Main.storyboard in Resources */,
			);
			runOnlyForDeploymentPostprocessing = 0;
		};
		8586A1B3275189F700EAE6EB /* Resources */ = {
			isa = PBXResourcesBuildPhase;
			buildActionMask = 2147483647;
			files = (
			);
			runOnlyForDeploymentPostprocessing = 0;
		};
		8586A1BD275189F800EAE6EB /* Resources */ = {
			isa = PBXResourcesBuildPhase;
			buildActionMask = 2147483647;
			files = (
			);
			runOnlyForDeploymentPostprocessing = 0;
		};
/* End PBXResourcesBuildPhase section */

/* Begin PBXSourcesBuildPhase section */
		8586A19B275189EE00EAE6EB /* Sources */ = {
			isa = PBXSourcesBuildPhase;
			buildActionMask = 2147483647;
			files = (
				8586A1A7275189EE00EAE6EB /* ViewController.swift in Sources */,
				8586A1A3275189EE00EAE6EB /* AppDelegate.swift in Sources */,
				8586A1A5275189EE00EAE6EB /* SceneDelegate.swift in Sources */,
			);
			runOnlyForDeploymentPostprocessing = 0;
		};
		8586A1B1275189F700EAE6EB /* Sources */ = {
			isa = PBXSourcesBuildPhase;
			buildActionMask = 2147483647;
			files = (
				8586A1BA275189F700EAE6EB /* FRMTests.swift in Sources */,
			);
			runOnlyForDeploymentPostprocessing = 0;
		};
		8586A1BB275189F800EAE6EB /* Sources */ = {
			isa = PBXSourcesBuildPhase;
			buildActionMask = 2147483647;
			files = (
				8586A1C6275189F800EAE6EB /* FRMUITestsLaunchTests.swift in Sources */,
				8586A1C4275189F800EAE6EB /* FRMUITests.swift in Sources */,
			);
			runOnlyForDeploymentPostprocessing = 0;
		};
/* End PBXSourcesBuildPhase section */

/* Begin PBXTargetDependency section */
		8586A1B7275189F700EAE6EB /* PBXTargetDependency */ = {
			isa = PBXTargetDependency;
			target = 8586A19E275189EE00EAE6EB /* FRM */;
			targetProxy = 8586A1B6275189F700EAE6EB /* PBXContainerItemProxy */;
		};
		8586A1C1275189F800EAE6EB /* PBXTargetDependency */ = {
			isa = PBXTargetDependency;
			target = 8586A19E275189EE00EAE6EB /* FRM */;
			targetProxy = 8586A1C0275189F800EAE6EB /* PBXContainerItemProxy */;
		};
/* End PBXTargetDependency section */

/* Begin PBXVariantGroup section */
		8586A1A8275189EE00EAE6EB /* Main.storyboard */ = {
			isa = PBXVariantGroup;
			children = (
				8586A1A9275189EE00EAE6EB /* Base */,
			);
			name = Main.storyboard;
			sourceTree = "<group>";
		};
		8586A1AD275189F700EAE6EB /* LaunchScreen.storyboard */ = {
			isa = PBXVariantGroup;
			children = (
				8586A1AE275189F700EAE6EB /* Base */,
			);
			name = LaunchScreen.storyboard;
			sourceTree = "<group>";
		};
/* End PBXVariantGroup section */

/* Begin XCBuildConfiguration section */
		8586A1C7275189F800EAE6EB /* Debug */ = {
			isa = XCBuildConfiguration;
			buildSettings = {
				ALWAYS_SEARCH_USER_PATHS = NO;
				CLANG_ANALYZER_NONNULL = YES;
				CLANG_ANALYZER_NUMBER_OBJECT_CONVERSION = YES_AGGRESSIVE;
				CLANG_CXX_LANGUAGE_STANDARD = "gnu++17";
				CLANG_CXX_LIBRARY = "libc++";
				CLANG_ENABLE_MODULES = YES;
				CLANG_ENABLE_OBJC_ARC = YES;
				CLANG_ENABLE_OBJC_WEAK = YES;
				CLANG_WARN_BLOCK_CAPTURE_AUTORELEASING = YES;
				CLANG_WARN_BOOL_CONVERSION = YES;
				CLANG_WARN_COMMA = YES;
				CLANG_WARN_CONSTANT_CONVERSION = YES;
				CLANG_WARN_DEPRECATED_OBJC_IMPLEMENTATIONS = YES;
				CLANG_WARN_DIRECT_OBJC_ISA_USAGE = YES_ERROR;
				CLANG_WARN_DOCUMENTATION_COMMENTS = YES;
				CLANG_WARN_EMPTY_BODY = YES;
				CLANG_WARN_ENUM_CONVERSION = YES;
				CLANG_WARN_INFINITE_RECURSION = YES;
				CLANG_WARN_INT_CONVERSION = YES;
				CLANG_WARN_NON_LITERAL_NULL_CONVERSION = YES;
				CLANG_WARN_OBJC_IMPLICIT_RETAIN_SELF = YES;
				CLANG_WARN_OBJC_LITERAL_CONVERSION = YES;
				CLANG_WARN_OBJC_ROOT_CLASS = YES_ERROR;
				CLANG_WARN_QUOTED_INCLUDE_IN_FRAMEWORK_HEADER = YES;
				CLANG_WARN_RANGE_LOOP_ANALYSIS = YES;
				CLANG_WARN_STRICT_PROTOTYPES = YES;
				CLANG_WARN_SUSPICIOUS_MOVE = YES;
				CLANG_WARN_UNGUARDED_AVAILABILITY = YES_AGGRESSIVE;
				CLANG_WARN_UNREACHABLE_CODE = YES;
				CLANG_WARN__DUPLICATE_METHOD_MATCH = YES;
				COPY_PHASE_STRIP = NO;
				DEBUG_INFORMATION_FORMAT = dwarf;
				ENABLE_STRICT_OBJC_MSGSEND = YES;
				ENABLE_TESTABILITY = YES;
				GCC_C_LANGUAGE_STANDARD = gnu11;
				GCC_DYNAMIC_NO_PIC = NO;
				GCC_NO_COMMON_BLOCKS = YES;
				GCC_OPTIMIZATION_LEVEL = 0;
				GCC_PREPROCESSOR_DEFINITIONS = (
					"DEBUG=1",
					"$(inherited)",
				);
				GCC_WARN_64_TO_32_BIT_CONVERSION = YES;
				GCC_WARN_ABOUT_RETURN_TYPE = YES_ERROR;
				GCC_WARN_UNDECLARED_SELECTOR = YES;
				GCC_WARN_UNINITIALIZED_AUTOS = YES_AGGRESSIVE;
				GCC_WARN_UNUSED_FUNCTION = YES;
				GCC_WARN_UNUSED_VARIABLE = YES;
				IPHONEOS_DEPLOYMENT_TARGET = 15.0;
				MTL_ENABLE_DEBUG_INFO = INCLUDE_SOURCE;
				MTL_FAST_MATH = YES;
				ONLY_ACTIVE_ARCH = YES;
				SDKROOT = iphoneos;
				SWIFT_ACTIVE_COMPILATION_CONDITIONS = DEBUG;
				SWIFT_OPTIMIZATION_LEVEL = "-Onone";
			};
			name = Debug;
		};
		8586A1C8275189F800EAE6EB /* Release */ = {
			isa = XCBuildConfiguration;
			buildSettings = {
				ALWAYS_SEARCH_USER_PATHS = NO;
				CLANG_ANALYZER_NONNULL = YES;
				CLANG_ANALYZER_NUMBER_OBJECT_CONVERSION = YES_AGGRESSIVE;
				CLANG_CXX_LANGUAGE_STANDARD = "gnu++17";
				CLANG_CXX_LIBRARY = "libc++";
				CLANG_ENABLE_MODULES = YES;
				CLANG_ENABLE_OBJC_ARC = YES;
				CLANG_ENABLE_OBJC_WEAK = YES;
				CLANG_WARN_BLOCK_CAPTURE_AUTORELEASING = YES;
				CLANG_WARN_BOOL_CONVERSION = YES;
				CLANG_WARN_COMMA = YES;
				CLANG_WARN_CONSTANT_CONVERSION = YES;
				CLANG_WARN_DEPRECATED_OBJC_IMPLEMENTATIONS = YES;
				CLANG_WARN_DIRECT_OBJC_ISA_USAGE = YES_ERROR;
				CLANG_WARN_DOCUMENTATION_COMMENTS = YES;
				CLANG_WARN_EMPTY_BODY = YES;
				CLANG_WARN_ENUM_CONVERSION = YES;
				CLANG_WARN_INFINITE_RECURSION = YES;
				CLANG_WARN_INT_CONVERSION = YES;
				CLANG_WARN_NON_LITERAL_NULL_CONVERSION = YES;
				CLANG_WARN_OBJC_IMPLICIT_RETAIN_SELF = YES;
				CLANG_WARN_OBJC_LITERAL_CONVERSION = YES;
				CLANG_WARN_OBJC_ROOT_CLASS = YES_ERROR;
				CLANG_WARN_QUOTED_INCLUDE_IN_FRAMEWORK_HEADER = YES;
				CLANG_WARN_RANGE_LOOP_ANALYSIS = YES;
				CLANG_WARN_STRICT_PROTOTYPES = YES;
				CLANG_WARN_SUSPICIOUS_MOVE = YES;
				CLANG_WARN_UNGUARDED_AVAILABILITY = YES_AGGRESSIVE;
				CLANG_WARN_UNREACHABLE_CODE = YES;
				CLANG_WARN__DUPLICATE_METHOD_MATCH = YES;
				COPY_PHASE_STRIP = NO;
				DEBUG_INFORMATION_FORMAT = "dwarf-with-dsym";
				ENABLE_NS_ASSERTIONS = NO;
				ENABLE_STRICT_OBJC_MSGSEND = YES;
				GCC_C_LANGUAGE_STANDARD = gnu11;
				GCC_NO_COMMON_BLOCKS = YES;
				GCC_WARN_64_TO_32_BIT_CONVERSION = YES;
				GCC_WARN_ABOUT_RETURN_TYPE = YES_ERROR;
				GCC_WARN_UNDECLARED_SELECTOR = YES;
				GCC_WARN_UNINITIALIZED_AUTOS = YES_AGGRESSIVE;
				GCC_WARN_UNUSED_FUNCTION = YES;
				GCC_WARN_UNUSED_VARIABLE = YES;
				IPHONEOS_DEPLOYMENT_TARGET = 15.0;
				MTL_ENABLE_DEBUG_INFO = NO;
				MTL_FAST_MATH = YES;
				SDKROOT = iphoneos;
				SWIFT_COMPILATION_MODE = wholemodule;
				SWIFT_OPTIMIZATION_LEVEL = "-O";
				VALIDATE_PRODUCT = YES;
			};
			name = Release;
		};
		8586A1CA275189F800EAE6EB /* Debug */ = {
			isa = XCBuildConfiguration;
			buildSettings = {
				ASSETCATALOG_COMPILER_APPICON_NAME = AppIcon;
				ASSETCATALOG_COMPILER_GLOBAL_ACCENT_COLOR_NAME = AccentColor;
				CODE_SIGN_STYLE = Automatic;
				CURRENT_PROJECT_VERSION = 1;
				DEVELOPMENT_TEAM = 68F5DK9B95;
				GENERATE_INFOPLIST_FILE = YES;
				INFOPLIST_FILE = FRM/Info.plist;
				INFOPLIST_KEY_UIApplicationSupportsIndirectInputEvents = YES;
				INFOPLIST_KEY_UILaunchStoryboardName = LaunchScreen;
				INFOPLIST_KEY_UIMainStoryboardFile = Main;
				INFOPLIST_KEY_UISupportedInterfaceOrientations_iPad = "UIInterfaceOrientationPortrait UIInterfaceOrientationPortraitUpsideDown UIInterfaceOrientationLandscapeLeft UIInterfaceOrientationLandscapeRight";
				INFOPLIST_KEY_UISupportedInterfaceOrientations_iPhone = "UIInterfaceOrientationPortrait UIInterfaceOrientationLandscapeLeft UIInterfaceOrientationLandscapeRight";
				LD_RUNPATH_SEARCH_PATHS = (
					"$(inherited)",
					"@executable_path/Frameworks",
				);
				MARKETING_VERSION = 1.0;
				PRODUCT_BUNDLE_IDENTIFIER = com.contentsquare.spm.FRM;
				PRODUCT_NAME = "$(TARGET_NAME)";
				SWIFT_EMIT_LOC_STRINGS = YES;
				SWIFT_VERSION = 5.0;
				TARGETED_DEVICE_FAMILY = "1,2";
			};
			name = Debug;
		};
		8586A1CB275189F800EAE6EB /* Release */ = {
			isa = XCBuildConfiguration;
			buildSettings = {
				ASSETCATALOG_COMPILER_APPICON_NAME = AppIcon;
				ASSETCATALOG_COMPILER_GLOBAL_ACCENT_COLOR_NAME = AccentColor;
				CODE_SIGN_STYLE = Automatic;
				CURRENT_PROJECT_VERSION = 1;
				DEVELOPMENT_TEAM = 68F5DK9B95;
				GENERATE_INFOPLIST_FILE = YES;
				INFOPLIST_FILE = FRM/Info.plist;
				INFOPLIST_KEY_UIApplicationSupportsIndirectInputEvents = YES;
				INFOPLIST_KEY_UILaunchStoryboardName = LaunchScreen;
				INFOPLIST_KEY_UIMainStoryboardFile = Main;
				INFOPLIST_KEY_UISupportedInterfaceOrientations_iPad = "UIInterfaceOrientationPortrait UIInterfaceOrientationPortraitUpsideDown UIInterfaceOrientationLandscapeLeft UIInterfaceOrientationLandscapeRight";
				INFOPLIST_KEY_UISupportedInterfaceOrientations_iPhone = "UIInterfaceOrientationPortrait UIInterfaceOrientationLandscapeLeft UIInterfaceOrientationLandscapeRight";
				LD_RUNPATH_SEARCH_PATHS = (
					"$(inherited)",
					"@executable_path/Frameworks",
				);
				MARKETING_VERSION = 1.0;
				PRODUCT_BUNDLE_IDENTIFIER = com.contentsquare.spm.FRM;
				PRODUCT_NAME = "$(TARGET_NAME)";
				SWIFT_EMIT_LOC_STRINGS = YES;
				SWIFT_VERSION = 5.0;
				TARGETED_DEVICE_FAMILY = "1,2";
			};
			name = Release;
		};
		8586A1CD275189F800EAE6EB /* Debug */ = {
			isa = XCBuildConfiguration;
			buildSettings = {
				ALWAYS_EMBED_SWIFT_STANDARD_LIBRARIES = YES;
				BUNDLE_LOADER = "$(TEST_HOST)";
				CODE_SIGN_STYLE = Automatic;
				CURRENT_PROJECT_VERSION = 1;
				DEVELOPMENT_TEAM = 68F5DK9B95;
				GENERATE_INFOPLIST_FILE = YES;
				IPHONEOS_DEPLOYMENT_TARGET = 15.0;
				LD_RUNPATH_SEARCH_PATHS = (
					"$(inherited)",
					"@executable_path/Frameworks",
					"@loader_path/Frameworks",
				);
				MARKETING_VERSION = 1.0;
				PRODUCT_BUNDLE_IDENTIFIER = com.contentsquare.spm.FRMTests;
				PRODUCT_NAME = "$(TARGET_NAME)";
				SWIFT_EMIT_LOC_STRINGS = NO;
				SWIFT_VERSION = 5.0;
				TARGETED_DEVICE_FAMILY = "1,2";
				TEST_HOST = "$(BUILT_PRODUCTS_DIR)/FRM.app/FRM";
			};
			name = Debug;
		};
		8586A1CE275189F800EAE6EB /* Release */ = {
			isa = XCBuildConfiguration;
			buildSettings = {
				ALWAYS_EMBED_SWIFT_STANDARD_LIBRARIES = YES;
				BUNDLE_LOADER = "$(TEST_HOST)";
				CODE_SIGN_STYLE = Automatic;
				CURRENT_PROJECT_VERSION = 1;
				DEVELOPMENT_TEAM = 68F5DK9B95;
				GENERATE_INFOPLIST_FILE = YES;
				IPHONEOS_DEPLOYMENT_TARGET = 15.0;
				LD_RUNPATH_SEARCH_PATHS = (
					"$(inherited)",
					"@executable_path/Frameworks",
					"@loader_path/Frameworks",
				);
				MARKETING_VERSION = 1.0;
				PRODUCT_BUNDLE_IDENTIFIER = com.contentsquare.spm.FRMTests;
				PRODUCT_NAME = "$(TARGET_NAME)";
				SWIFT_EMIT_LOC_STRINGS = NO;
				SWIFT_VERSION = 5.0;
				TARGETED_DEVICE_FAMILY = "1,2";
				TEST_HOST = "$(BUILT_PRODUCTS_DIR)/FRM.app/FRM";
			};
			name = Release;
		};
		8586A1D0275189F800EAE6EB /* Debug */ = {
			isa = XCBuildConfiguration;
			buildSettings = {
				ALWAYS_EMBED_SWIFT_STANDARD_LIBRARIES = YES;
				CODE_SIGN_STYLE = Automatic;
				CURRENT_PROJECT_VERSION = 1;
				DEVELOPMENT_TEAM = 68F5DK9B95;
				GENERATE_INFOPLIST_FILE = YES;
				LD_RUNPATH_SEARCH_PATHS = (
					"$(inherited)",
					"@executable_path/Frameworks",
					"@loader_path/Frameworks",
				);
				MARKETING_VERSION = 1.0;
				PRODUCT_BUNDLE_IDENTIFIER = com.contentsquare.spm.FRMUITests;
				PRODUCT_NAME = "$(TARGET_NAME)";
				SWIFT_EMIT_LOC_STRINGS = NO;
				SWIFT_VERSION = 5.0;
				TARGETED_DEVICE_FAMILY = "1,2";
				TEST_TARGET_NAME = FRM;
			};
			name = Debug;
		};
		8586A1D1275189F800EAE6EB /* Release */ = {
			isa = XCBuildConfiguration;
			buildSettings = {
				ALWAYS_EMBED_SWIFT_STANDARD_LIBRARIES = YES;
				CODE_SIGN_STYLE = Automatic;
				CURRENT_PROJECT_VERSION = 1;
				DEVELOPMENT_TEAM = 68F5DK9B95;
				GENERATE_INFOPLIST_FILE = YES;
				LD_RUNPATH_SEARCH_PATHS = (
					"$(inherited)",
					"@executable_path/Frameworks",
					"@loader_path/Frameworks",
				);
				MARKETING_VERSION = 1.0;
				PRODUCT_BUNDLE_IDENTIFIER = com.contentsquare.spm.FRMUITests;
				PRODUCT_NAME = "$(TARGET_NAME)";
				SWIFT_EMIT_LOC_STRINGS = NO;
				SWIFT_VERSION = 5.0;
				TARGETED_DEVICE_FAMILY = "1,2";
				TEST_TARGET_NAME = FRM;
			};
			name = Release;
		};
/* End XCBuildConfiguration section */

/* Begin XCConfigurationList section */
		8586A19A275189EE00EAE6EB /* Build configuration list for PBXProject "FRM" */ = {
			isa = XCConfigurationList;
			buildConfigurations = (
				8586A1C7275189F800EAE6EB /* Debug */,
				8586A1C8275189F800EAE6EB /* Release */,
			);
			defaultConfigurationIsVisible = 0;
			defaultConfigurationName = Release;
		};
		8586A1C9275189F800EAE6EB /* Build configuration list for PBXNativeTarget "FRM" */ = {
			isa = XCConfigurationList;
			buildConfigurations = (
				8586A1CA275189F800EAE6EB /* Debug */,
				8586A1CB275189F800EAE6EB /* Release */,
			);
			defaultConfigurationIsVisible = 0;
			defaultConfigurationName = Release;
		};
		8586A1CC275189F800EAE6EB /* Build configuration list for PBXNativeTarget "FRMTests" */ = {
			isa = XCConfigurationList;
			buildConfigurations = (
				8586A1CD275189F800EAE6EB /* Debug */,
				8586A1CE275189F800EAE6EB /* Release */,
			);
			defaultConfigurationIsVisible = 0;
			defaultConfigurationName = Release;
		};
		8586A1CF275189F800EAE6EB /* Build configuration list for PBXNativeTarget "FRMUITests" */ = {
			isa = XCConfigurationList;
			buildConfigurations = (
				8586A1D0275189F800EAE6EB /* Debug */,
				8586A1D1275189F800EAE6EB /* Release */,
			);
			defaultConfigurationIsVisible = 0;
			defaultConfigurationName = Release;
		};
/* End XCConfigurationList section */
	};
	rootObject = 8586A197275189EE00EAE6EB /* Project object */;
}
